
Microsoft Visual Studio Solution File, Format Version 12.00
# Visual Studio Version 16
VisualStudioVersion = 16.0.29318.209
MinimumVisualStudioVersion = 10.0.40219.1
Project("{FAE04EC0-301F-11D3-BF4B-00C04F79EFBC}") = "project-BILLMATES", "project-BILLMATES.csproj", "{6CDA3E32-CC0E-44B2-8CAD-F5E8B4B63741}"
EndProject
Project("{FAE04EC0-301F-11D3-BF4B-00C04F79EFBC}") = "AsiakasClassLibrary", "..\AsiakasClassLibrary\AsiakasClassLibrary.csproj", "{82A5AC4B-448C-43D0-A921-CD6C030E3704}"
EndProject
Global
	GlobalSection(SolutionConfigurationPlatforms) = preSolution
		Debug|Any CPU = Debug|Any CPU
		Release|Any CPU = Release|Any CPU
	EndGlobalSection
	GlobalSection(ProjectConfigurationPlatforms) = postSolution
		{6CDA3E32-CC0E-44B2-8CAD-F5E8B4B63741}.Debug|Any CPU.ActiveCfg = Debug|Any CPU
		{6CDA3E32-CC0E-44B2-8CAD-F5E8B4B63741}.Debug|Any CPU.Build.0 = Debug|Any CPU
		{6CDA3E32-CC0E-44B2-8CAD-F5E8B4B63741}.Release|Any CPU.ActiveCfg = Release|Any CPU
		{6CDA3E32-CC0E-44B2-8CAD-F5E8B4B63741}.Release|Any CPU.Build.0 = Release|Any CPU
		{82A5AC4B-448C-43D0-A921-CD6C030E3704}.Debug|Any CPU.ActiveCfg = Debug|Any CPU
		{82A5AC4B-448C-43D0-A921-CD6C030E3704}.Debug|Any CPU.Build.0 = Debug|Any CPU
		{82A5AC4B-448C-43D0-A921-CD6C030E3704}.Release|Any CPU.ActiveCfg = Release|Any CPU
		{82A5AC4B-448C-43D0-A921-CD6C030E3704}.Release|Any CPU.Build.0 = Release|Any CPU
	EndGlobalSection
	GlobalSection(SolutionProperties) = preSolution
		HideSolutionNode = FALSE
	EndGlobalSection
	GlobalSection(ExtensibilityGlobals) = postSolution
		SolutionGuid = {D7A3BB67-8D54-4E18-8753-69DF84CC9689}
	EndGlobalSection
EndGlobal
